// !$*UTF8*$!
{
	archiveVersion = 1;
	classes = {
	};
	objectVersion = 56;
	objects = {

/* Begin PBXBuildFile section */
		A64816962A8654A90028A8C2 /* Slider.swift in Sources */ = {isa = PBXBuildFile; fileRef = A64816952A8654A90028A8C2 /* Slider.swift */; };
		A64816982A86552D0028A8C2 /* Categories.swift in Sources */ = {isa = PBXBuildFile; fileRef = A64816972A86552D0028A8C2 /* Categories.swift */; };
		A648169A2A8659000028A8C2 /* SliderTableView.xib in Resources */ = {isa = PBXBuildFile; fileRef = A64816992A8659000028A8C2 /* SliderTableView.xib */; };
		A648169C2A8659150028A8C2 /* SliderTableViewCell.swift in Sources */ = {isa = PBXBuildFile; fileRef = A648169B2A8659150028A8C2 /* SliderTableViewCell.swift */; };
		A648169E2A8659CC0028A8C2 /* SliderCollectionView.xib in Resources */ = {isa = PBXBuildFile; fileRef = A648169D2A8659CC0028A8C2 /* SliderCollectionView.xib */; };
		A64816A02A8659D90028A8C2 /* SliderCollectionViewCell.swift in Sources */ = {isa = PBXBuildFile; fileRef = A648169F2A8659D90028A8C2 /* SliderCollectionViewCell.swift */; };
		A64816A42A8676100028A8C2 /* CategoriesTableViewCell.swift in Sources */ = {isa = PBXBuildFile; fileRef = A64816A32A8676100028A8C2 /* CategoriesTableViewCell.swift */; };
		A67E165E2A81962100031CB7 /* AppDelegate.swift in Sources */ = {isa = PBXBuildFile; fileRef = A67E165D2A81962100031CB7 /* AppDelegate.swift */; };
		A67E16602A81962100031CB7 /* SceneDelegate.swift in Sources */ = {isa = PBXBuildFile; fileRef = A67E165F2A81962100031CB7 /* SceneDelegate.swift */; };
		A67E16622A81962100031CB7 /* MainPageVC.swift in Sources */ = {isa = PBXBuildFile; fileRef = A67E16612A81962100031CB7 /* MainPageVC.swift */; };
		A67E16652A81962100031CB7 /* Main.storyboard in Resources */ = {isa = PBXBuildFile; fileRef = A67E16632A81962100031CB7 /* Main.storyboard */; };
		A67E16672A81962300031CB7 /* Assets.xcassets in Resources */ = {isa = PBXBuildFile; fileRef = A67E16662A81962300031CB7 /* Assets.xcassets */; };
		A67E166A2A81962300031CB7 /* LaunchScreen.storyboard in Resources */ = {isa = PBXBuildFile; fileRef = A67E16682A81962300031CB7 /* LaunchScreen.storyboard */; };
		A6CE37572A84FA58002AB0D2 /* Search.storyboard in Resources */ = {isa = PBXBuildFile; fileRef = A6CE37562A84FA58002AB0D2 /* Search.storyboard */; };
		A6CE37592A84FBF0002AB0D2 /* Menu.storyboard in Resources */ = {isa = PBXBuildFile; fileRef = A6CE37582A84FBF0002AB0D2 /* Menu.storyboard */; };
		A6CE375B2A84FBFB002AB0D2 /* Profile.storyboard in Resources */ = {isa = PBXBuildFile; fileRef = A6CE375A2A84FBFB002AB0D2 /* Profile.storyboard */; };
		A6CE375D2A84FC0A002AB0D2 /* Gift.storyboard in Resources */ = {isa = PBXBuildFile; fileRef = A6CE375C2A84FC0A002AB0D2 /* Gift.storyboard */; };
		A6D1D63C2A86766800F2710C /* CategoriesTableView.xib in Resources */ = {isa = PBXBuildFile; fileRef = A6D1D63B2A86766800F2710C /* CategoriesTableView.xib */; };
		A6D1D63E2A86773900F2710C /* CategoriesCollectionView.xib in Resources */ = {isa = PBXBuildFile; fileRef = A6D1D63D2A86773900F2710C /* CategoriesCollectionView.xib */; };
		A6D1D6402A86774700F2710C /* CategoriesCollectionViewCell.swift in Sources */ = {isa = PBXBuildFile; fileRef = A6D1D63F2A86774700F2710C /* CategoriesCollectionViewCell.swift */; };
		A6FCAAB02A87AB550003EDF4 /* CustomTabBar.swift in Sources */ = {isa = PBXBuildFile; fileRef = A6FCAAAF2A87AB550003EDF4 /* CustomTabBar.swift */; };
/* End PBXBuildFile section */

/* Begin PBXFileReference section */
		A64816952A8654A90028A8C2 /* Slider.swift */ = {isa = PBXFileReference; lastKnownFileType = sourcecode.swift; path = Slider.swift; sourceTree = "<group>"; };
		A64816972A86552D0028A8C2 /* Categories.swift */ = {isa = PBXFileReference; lastKnownFileType = sourcecode.swift; path = Categories.swift; sourceTree = "<group>"; };
		A64816992A8659000028A8C2 /* SliderTableView.xib */ = {isa = PBXFileReference; lastKnownFileType = file.xib; path = SliderTableView.xib; sourceTree = "<group>"; };
		A648169B2A8659150028A8C2 /* SliderTableViewCell.swift */ = {isa = PBXFileReference; lastKnownFileType = sourcecode.swift; path = SliderTableViewCell.swift; sourceTree = "<group>"; };
		A648169D2A8659CC0028A8C2 /* SliderCollectionView.xib */ = {isa = PBXFileReference; lastKnownFileType = file.xib; path = SliderCollectionView.xib; sourceTree = "<group>"; };
		A648169F2A8659D90028A8C2 /* SliderCollectionViewCell.swift */ = {isa = PBXFileReference; lastKnownFileType = sourcecode.swift; path = SliderCollectionViewCell.swift; sourceTree = "<group>"; };
		A64816A32A8676100028A8C2 /* CategoriesTableViewCell.swift */ = {isa = PBXFileReference; lastKnownFileType = sourcecode.swift; path = CategoriesTableViewCell.swift; sourceTree = "<group>"; };
		A67E165A2A81962100031CB7 /* getirCloneApp.app */ = {isa = PBXFileReference; explicitFileType = wrapper.application; includeInIndex = 0; path = getirCloneApp.app; sourceTree = BUILT_PRODUCTS_DIR; };
		A67E165D2A81962100031CB7 /* AppDelegate.swift */ = {isa = PBXFileReference; lastKnownFileType = sourcecode.swift; path = AppDelegate.swift; sourceTree = "<group>"; };
		A67E165F2A81962100031CB7 /* SceneDelegate.swift */ = {isa = PBXFileReference; lastKnownFileType = sourcecode.swift; path = SceneDelegate.swift; sourceTree = "<group>"; };
		A67E16612A81962100031CB7 /* MainPageVC.swift */ = {isa = PBXFileReference; lastKnownFileType = sourcecode.swift; path = MainPageVC.swift; sourceTree = "<group>"; };
		A67E16642A81962100031CB7 /* Base */ = {isa = PBXFileReference; lastKnownFileType = file.storyboard; name = Base; path = Base.lproj/Main.storyboard; sourceTree = "<group>"; };
		A67E16662A81962300031CB7 /* Assets.xcassets */ = {isa = PBXFileReference; lastKnownFileType = folder.assetcatalog; path = Assets.xcassets; sourceTree = "<group>"; };
		A67E16692A81962300031CB7 /* Base */ = {isa = PBXFileReference; lastKnownFileType = file.storyboard; name = Base; path = Base.lproj/LaunchScreen.storyboard; sourceTree = "<group>"; };
		A67E166B2A81962300031CB7 /* Info.plist */ = {isa = PBXFileReference; lastKnownFileType = text.plist.xml; path = Info.plist; sourceTree = "<group>"; };
		A6CE37562A84FA58002AB0D2 /* Search.storyboard */ = {isa = PBXFileReference; lastKnownFileType = file.storyboard; path = Search.storyboard; sourceTree = "<group>"; };
		A6CE37582A84FBF0002AB0D2 /* Menu.storyboard */ = {isa = PBXFileReference; lastKnownFileType = file.storyboard; path = Menu.storyboard; sourceTree = "<group>"; };
		A6CE375A2A84FBFB002AB0D2 /* Profile.storyboard */ = {isa = PBXFileReference; lastKnownFileType = file.storyboard; path = Profile.storyboard; sourceTree = "<group>"; };
		A6CE375C2A84FC0A002AB0D2 /* Gift.storyboard */ = {isa = PBXFileReference; lastKnownFileType = file.storyboard; path = Gift.storyboard; sourceTree = "<group>"; };
		A6D1D63B2A86766800F2710C /* CategoriesTableView.xib */ = {isa = PBXFileReference; lastKnownFileType = file.xib; path = CategoriesTableView.xib; sourceTree = "<group>"; };
		A6D1D63D2A86773900F2710C /* CategoriesCollectionView.xib */ = {isa = PBXFileReference; lastKnownFileType = file.xib; path = CategoriesCollectionView.xib; sourceTree = "<group>"; };
		A6D1D63F2A86774700F2710C /* CategoriesCollectionViewCell.swift */ = {isa = PBXFileReference; lastKnownFileType = sourcecode.swift; path = CategoriesCollectionViewCell.swift; sourceTree = "<group>"; };
		A6FCAAAF2A87AB550003EDF4 /* CustomTabBar.swift */ = {isa = PBXFileReference; lastKnownFileType = sourcecode.swift; path = CustomTabBar.swift; sourceTree = "<group>"; };
/* End PBXFileReference section */

/* Begin PBXFrameworksBuildPhase section */
		A67E16572A81962100031CB7 /* Frameworks */ = {
			isa = PBXFrameworksBuildPhase;
			buildActionMask = 2147483647;
			files = (
			);
			runOnlyForDeploymentPostprocessing = 0;
		};
/* End PBXFrameworksBuildPhase section */

/* Begin PBXGroup section */
		A60459C62A87EBE800C86A53 /* Application */ = {
			isa = PBXGroup;
			children = (
				A67E165D2A81962100031CB7 /* AppDelegate.swift */,
				A67E165F2A81962100031CB7 /* SceneDelegate.swift */,
			);
			path = Application;
			sourceTree = "<group>";
		};
		A60459C72A87EBF700C86A53 /* Resources */ = {
			isa = PBXGroup;
			children = (
				A67E16662A81962300031CB7 /* Assets.xcassets */,
				A67E16682A81962300031CB7 /* LaunchScreen.storyboard */,
				A67E166B2A81962300031CB7 /* Info.plist */,
			);
			path = Resources;
			sourceTree = "<group>";
		};
		A64816912A8654120028A8C2 /* components */ = {
			isa = PBXGroup;
			children = (
				A64816A72A86762E0028A8C2 /* categories */,
				A64816A62A8676230028A8C2 /* slider */,
				A64816A52A8676150028A8C2 /* tabbar */,
			);
			path = components;
			sourceTree = "<group>";
		};
		A64816932A8654950028A8C2 /* data */ = {
			isa = PBXGroup;
			children = (
				A64816942A86549B0028A8C2 /* entity */,
			);
			path = data;
			sourceTree = "<group>";
		};
		A64816942A86549B0028A8C2 /* entity */ = {
			isa = PBXGroup;
			children = (
				A64816952A8654A90028A8C2 /* Slider.swift */,
				A64816972A86552D0028A8C2 /* Categories.swift */,
			);
			path = entity;
			sourceTree = "<group>";
		};
		A64816A52A8676150028A8C2 /* tabbar */ = {
			isa = PBXGroup;
			children = (
				A6FCAAAF2A87AB550003EDF4 /* CustomTabBar.swift */,
			);
			path = tabbar;
			sourceTree = "<group>";
		};
		A64816A62A8676230028A8C2 /* slider */ = {
			isa = PBXGroup;
			children = (
				A64816992A8659000028A8C2 /* SliderTableView.xib */,
				A648169B2A8659150028A8C2 /* SliderTableViewCell.swift */,
				A648169D2A8659CC0028A8C2 /* SliderCollectionView.xib */,
				A648169F2A8659D90028A8C2 /* SliderCollectionViewCell.swift */,
			);
			path = slider;
			sourceTree = "<group>";
		};
		A64816A72A86762E0028A8C2 /* categories */ = {
			isa = PBXGroup;
			children = (
				A64816A32A8676100028A8C2 /* CategoriesTableViewCell.swift */,
				A6D1D63B2A86766800F2710C /* CategoriesTableView.xib */,
				A6D1D63D2A86773900F2710C /* CategoriesCollectionView.xib */,
				A6D1D63F2A86774700F2710C /* CategoriesCollectionViewCell.swift */,
			);
			path = categories;
			sourceTree = "<group>";
		};
		A67E16512A81962100031CB7 = {
			isa = PBXGroup;
			children = (
				A67E165C2A81962100031CB7 /* getirCloneApp */,
				A67E165B2A81962100031CB7 /* Products */,
			);
			sourceTree = "<group>";
		};
		A67E165B2A81962100031CB7 /* Products */ = {
			isa = PBXGroup;
			children = (
				A67E165A2A81962100031CB7 /* getirCloneApp.app */,
			);
			name = Products;
			sourceTree = "<group>";
		};
		A67E165C2A81962100031CB7 /* getirCloneApp */ = {
			isa = PBXGroup;
			children = (
				A60459C62A87EBE800C86A53 /* Application */,
				A64816932A8654950028A8C2 /* data */,
				A6DA31AB2A84F9F0004B24AD /* storyboard */,
				A67E16712A81968200031CB7 /* Main Page */,
				A60459C72A87EBF700C86A53 /* Resources */,
			);
			path = getirCloneApp;
			sourceTree = "<group>";
		};
		A67E16712A81968200031CB7 /* Main Page */ = {
			isa = PBXGroup;
			children = (
				A64816912A8654120028A8C2 /* components */,
				A67E16612A81962100031CB7 /* MainPageVC.swift */,
			);
			path = "Main Page";
			sourceTree = "<group>";
		};
		A6DA31AB2A84F9F0004B24AD /* storyboard */ = {
			isa = PBXGroup;
			children = (
				A67E16632A81962100031CB7 /* Main.storyboard */,
				A6CE37562A84FA58002AB0D2 /* Search.storyboard */,
				A6CE37582A84FBF0002AB0D2 /* Menu.storyboard */,
				A6CE375A2A84FBFB002AB0D2 /* Profile.storyboard */,
				A6CE375C2A84FC0A002AB0D2 /* Gift.storyboard */,
			);
			path = storyboard;
			sourceTree = "<group>";
		};
/* End PBXGroup section */

/* Begin PBXNativeTarget section */
		A67E16592A81962100031CB7 /* getirCloneApp */ = {
			isa = PBXNativeTarget;
			buildConfigurationList = A67E166E2A81962300031CB7 /* Build configuration list for PBXNativeTarget "getirCloneApp" */;
			buildPhases = (
				A67E16562A81962100031CB7 /* Sources */,
				A67E16572A81962100031CB7 /* Frameworks */,
				A67E16582A81962100031CB7 /* Resources */,
			);
			buildRules = (
			);
			dependencies = (
			);
			name = getirCloneApp;
			productName = getirCloneApp;
			productReference = A67E165A2A81962100031CB7 /* getirCloneApp.app */;
			productType = "com.apple.product-type.application";
		};
/* End PBXNativeTarget section */

/* Begin PBXProject section */
		A67E16522A81962100031CB7 /* Project object */ = {
			isa = PBXProject;
			attributes = {
				BuildIndependentTargetsInParallel = 1;
				LastSwiftUpdateCheck = 1420;
				LastUpgradeCheck = 1420;
				TargetAttributes = {
					A67E16592A81962100031CB7 = {
						CreatedOnToolsVersion = 14.2;
					};
				};
			};
			buildConfigurationList = A67E16552A81962100031CB7 /* Build configuration list for PBXProject "getirCloneApp" */;
			compatibilityVersion = "Xcode 14.0";
			developmentRegion = en;
			hasScannedForEncodings = 0;
			knownRegions = (
				en,
				Base,
			);
			mainGroup = A67E16512A81962100031CB7;
			productRefGroup = A67E165B2A81962100031CB7 /* Products */;
			projectDirPath = "";
			projectRoot = "";
			targets = (
				A67E16592A81962100031CB7 /* getirCloneApp */,
			);
		};
/* End PBXProject section */

/* Begin PBXResourcesBuildPhase section */
		A67E16582A81962100031CB7 /* Resources */ = {
			isa = PBXResourcesBuildPhase;
			buildActionMask = 2147483647;
			files = (
				A6CE375B2A84FBFB002AB0D2 /* Profile.storyboard in Resources */,
				A6CE37592A84FBF0002AB0D2 /* Menu.storyboard in Resources */,
				A648169E2A8659CC0028A8C2 /* SliderCollectionView.xib in Resources */,
				A648169A2A8659000028A8C2 /* SliderTableView.xib in Resources */,
				A67E166A2A81962300031CB7 /* LaunchScreen.storyboard in Resources */,
				A67E16672A81962300031CB7 /* Assets.xcassets in Resources */,
				A6CE375D2A84FC0A002AB0D2 /* Gift.storyboard in Resources */,
				A6D1D63C2A86766800F2710C /* CategoriesTableView.xib in Resources */,
				A6CE37572A84FA58002AB0D2 /* Search.storyboard in Resources */,
				A67E16652A81962100031CB7 /* Main.storyboard in Resources */,
				A6D1D63E2A86773900F2710C /* CategoriesCollectionView.xib in Resources */,
			);
			runOnlyForDeploymentPostprocessing = 0;
		};
/* End PBXResourcesBuildPhase section */

/* Begin PBXSourcesBuildPhase section */
		A67E16562A81962100031CB7 /* Sources */ = {
			isa = PBXSourcesBuildPhase;
			buildActionMask = 2147483647;
			files = (
				A67E16622A81962100031CB7 /* MainPageVC.swift in Sources */,
				A64816A42A8676100028A8C2 /* CategoriesTableViewCell.swift in Sources */,
				A67E165E2A81962100031CB7 /* AppDelegate.swift in Sources */,
				A6D1D6402A86774700F2710C /* CategoriesCollectionViewCell.swift in Sources */,
				A64816A02A8659D90028A8C2 /* SliderCollectionViewCell.swift in Sources */,
				A6FCAAB02A87AB550003EDF4 /* CustomTabBar.swift in Sources */,
				A67E16602A81962100031CB7 /* SceneDelegate.swift in Sources */,
				A648169C2A8659150028A8C2 /* SliderTableViewCell.swift in Sources */,
				A64816962A8654A90028A8C2 /* Slider.swift in Sources */,
				A64816982A86552D0028A8C2 /* Categories.swift in Sources */,
			);
			runOnlyForDeploymentPostprocessing = 0;
		};
/* End PBXSourcesBuildPhase section */

/* Begin PBXVariantGroup section */
		A67E16632A81962100031CB7 /* Main.storyboard */ = {
			isa = PBXVariantGroup;
			children = (
				A67E16642A81962100031CB7 /* Base */,
			);
			name = Main.storyboard;
			sourceTree = "<group>";
		};
		A67E16682A81962300031CB7 /* LaunchScreen.storyboard */ = {
			isa = PBXVariantGroup;
			children = (
				A67E16692A81962300031CB7 /* Base */,
			);
			name = LaunchScreen.storyboard;
			sourceTree = "<group>";
		};
/* End PBXVariantGroup section */

/* Begin XCBuildConfiguration section */
		A67E166C2A81962300031CB7 /* Debug */ = {
			isa = XCBuildConfiguration;
			buildSettings = {
				ALWAYS_SEARCH_USER_PATHS = NO;
				CLANG_ANALYZER_NONNULL = YES;
				CLANG_ANALYZER_NUMBER_OBJECT_CONVERSION = YES_AGGRESSIVE;
				CLANG_CXX_LANGUAGE_STANDARD = "gnu++20";
				CLANG_ENABLE_MODULES = YES;
				CLANG_ENABLE_OBJC_ARC = YES;
				CLANG_ENABLE_OBJC_WEAK = YES;
				CLANG_WARN_BLOCK_CAPTURE_AUTORELEASING = YES;
				CLANG_WARN_BOOL_CONVERSION = YES;
				CLANG_WARN_COMMA = YES;
				CLANG_WARN_CONSTANT_CONVERSION = YES;
				CLANG_WARN_DEPRECATED_OBJC_IMPLEMENTATIONS = YES;
				CLANG_WARN_DIRECT_OBJC_ISA_USAGE = YES_ERROR;
				CLANG_WARN_DOCUMENTATION_COMMENTS = YES;
				CLANG_WARN_EMPTY_BODY = YES;
				CLANG_WARN_ENUM_CONVERSION = YES;
				CLANG_WARN_INFINITE_RECURSION = YES;
				CLANG_WARN_INT_CONVERSION = YES;
				CLANG_WARN_NON_LITERAL_NULL_CONVERSION = YES;
				CLANG_WARN_OBJC_IMPLICIT_RETAIN_SELF = YES;
				CLANG_WARN_OBJC_LITERAL_CONVERSION = YES;
				CLANG_WARN_OBJC_ROOT_CLASS = YES_ERROR;
				CLANG_WARN_QUOTED_INCLUDE_IN_FRAMEWORK_HEADER = YES;
				CLANG_WARN_RANGE_LOOP_ANALYSIS = YES;
				CLANG_WARN_STRICT_PROTOTYPES = YES;
				CLANG_WARN_SUSPICIOUS_MOVE = YES;
				CLANG_WARN_UNGUARDED_AVAILABILITY = YES_AGGRESSIVE;
				CLANG_WARN_UNREACHABLE_CODE = YES;
				CLANG_WARN__DUPLICATE_METHOD_MATCH = YES;
				COPY_PHASE_STRIP = NO;
				DEBUG_INFORMATION_FORMAT = dwarf;
				ENABLE_STRICT_OBJC_MSGSEND = YES;
				ENABLE_TESTABILITY = YES;
				GCC_C_LANGUAGE_STANDARD = gnu11;
				GCC_DYNAMIC_NO_PIC = NO;
				GCC_NO_COMMON_BLOCKS = YES;
				GCC_OPTIMIZATION_LEVEL = 0;
				GCC_PREPROCESSOR_DEFINITIONS = (
					"DEBUG=1",
					"$(inherited)",
				);
				GCC_WARN_64_TO_32_BIT_CONVERSION = YES;
				GCC_WARN_ABOUT_RETURN_TYPE = YES_ERROR;
				GCC_WARN_UNDECLARED_SELECTOR = YES;
				GCC_WARN_UNINITIALIZED_AUTOS = YES_AGGRESSIVE;
				GCC_WARN_UNUSED_FUNCTION = YES;
				GCC_WARN_UNUSED_VARIABLE = YES;
				IPHONEOS_DEPLOYMENT_TARGET = 16.2;
				MTL_ENABLE_DEBUG_INFO = INCLUDE_SOURCE;
				MTL_FAST_MATH = YES;
				ONLY_ACTIVE_ARCH = YES;
				SDKROOT = iphoneos;
				SWIFT_ACTIVE_COMPILATION_CONDITIONS = DEBUG;
				SWIFT_OPTIMIZATION_LEVEL = "-Onone";
			};
			name = Debug;
		};
		A67E166D2A81962300031CB7 /* Release */ = {
			isa = XCBuildConfiguration;
			buildSettings = {
				ALWAYS_SEARCH_USER_PATHS = NO;
				CLANG_ANALYZER_NONNULL = YES;
				CLANG_ANALYZER_NUMBER_OBJECT_CONVERSION = YES_AGGRESSIVE;
				CLANG_CXX_LANGUAGE_STANDARD = "gnu++20";
				CLANG_ENABLE_MODULES = YES;
				CLANG_ENABLE_OBJC_ARC = YES;
				CLANG_ENABLE_OBJC_WEAK = YES;
				CLANG_WARN_BLOCK_CAPTURE_AUTORELEASING = YES;
				CLANG_WARN_BOOL_CONVERSION = YES;
				CLANG_WARN_COMMA = YES;
				CLANG_WARN_CONSTANT_CONVERSION = YES;
				CLANG_WARN_DEPRECATED_OBJC_IMPLEMENTATIONS = YES;
				CLANG_WARN_DIRECT_OBJC_ISA_USAGE = YES_ERROR;
				CLANG_WARN_DOCUMENTATION_COMMENTS = YES;
				CLANG_WARN_EMPTY_BODY = YES;
				CLANG_WARN_ENUM_CONVERSION = YES;
				CLANG_WARN_INFINITE_RECURSION = YES;
				CLANG_WARN_INT_CONVERSION = YES;
				CLANG_WARN_NON_LITERAL_NULL_CONVERSION = YES;
				CLANG_WARN_OBJC_IMPLICIT_RETAIN_SELF = YES;
				CLANG_WARN_OBJC_LITERAL_CONVERSION = YES;
				CLANG_WARN_OBJC_ROOT_CLASS = YES_ERROR;
				CLANG_WARN_QUOTED_INCLUDE_IN_FRAMEWORK_HEADER = YES;
				CLANG_WARN_RANGE_LOOP_ANALYSIS = YES;
				CLANG_WARN_STRICT_PROTOTYPES = YES;
				CLANG_WARN_SUSPICIOUS_MOVE = YES;
				CLANG_WARN_UNGUARDED_AVAILABILITY = YES_AGGRESSIVE;
				CLANG_WARN_UNREACHABLE_CODE = YES;
				CLANG_WARN__DUPLICATE_METHOD_MATCH = YES;
				COPY_PHASE_STRIP = NO;
				DEBUG_INFORMATION_FORMAT = "dwarf-with-dsym";
				ENABLE_NS_ASSERTIONS = NO;
				ENABLE_STRICT_OBJC_MSGSEND = YES;
				GCC_C_LANGUAGE_STANDARD = gnu11;
				GCC_NO_COMMON_BLOCKS = YES;
				GCC_WARN_64_TO_32_BIT_CONVERSION = YES;
				GCC_WARN_ABOUT_RETURN_TYPE = YES_ERROR;
				GCC_WARN_UNDECLARED_SELECTOR = YES;
				GCC_WARN_UNINITIALIZED_AUTOS = YES_AGGRESSIVE;
				GCC_WARN_UNUSED_FUNCTION = YES;
				GCC_WARN_UNUSED_VARIABLE = YES;
				IPHONEOS_DEPLOYMENT_TARGET = 16.2;
				MTL_ENABLE_DEBUG_INFO = NO;
				MTL_FAST_MATH = YES;
				SDKROOT = iphoneos;
				SWIFT_COMPILATION_MODE = wholemodule;
				SWIFT_OPTIMIZATION_LEVEL = "-O";
				VALIDATE_PRODUCT = YES;
			};
			name = Release;
		};
		A67E166F2A81962300031CB7 /* Debug */ = {
			isa = XCBuildConfiguration;
			buildSettings = {
				ASSETCATALOG_COMPILER_APPICON_NAME = AppIcon;
				ASSETCATALOG_COMPILER_GLOBAL_ACCENT_COLOR_NAME = AccentColor;
				CODE_SIGN_STYLE = Automatic;
				CURRENT_PROJECT_VERSION = 1;
				GENERATE_INFOPLIST_FILE = YES;
				INFOPLIST_FILE = getirCloneApp/Resources/Info.plist;
				INFOPLIST_KEY_UIApplicationSupportsIndirectInputEvents = YES;
				INFOPLIST_KEY_UILaunchStoryboardName = LaunchScreen;
				INFOPLIST_KEY_UIMainStoryboardFile = Main;
				INFOPLIST_KEY_UISupportedInterfaceOrientations_iPad = "UIInterfaceOrientationPortrait UIInterfaceOrientationPortraitUpsideDown UIInterfaceOrientationLandscapeLeft UIInterfaceOrientationLandscapeRight";
				INFOPLIST_KEY_UISupportedInterfaceOrientations_iPhone = "UIInterfaceOrientationPortrait UIInterfaceOrientationLandscapeLeft UIInterfaceOrientationLandscapeRight";
				LD_RUNPATH_SEARCH_PATHS = (
					"$(inherited)",
					"@executable_path/Frameworks",
				);
				MARKETING_VERSION = 1.0;
				PRODUCT_BUNDLE_IDENTIFIER = aleynaaktas.getirCloneApp;
				PRODUCT_NAME = "$(TARGET_NAME)";
				SWIFT_EMIT_LOC_STRINGS = YES;
				SWIFT_VERSION = 5.0;
				TARGETED_DEVICE_FAMILY = "1,2";
			};
			name = Debug;
		};
		A67E16702A81962300031CB7 /* Release */ = {
			isa = XCBuildConfiguration;
			buildSettings = {
				ASSETCATALOG_COMPILER_APPICON_NAME = AppIcon;
				ASSETCATALOG_COMPILER_GLOBAL_ACCENT_COLOR_NAME = AccentColor;
				CODE_SIGN_STYLE = Automatic;
				CURRENT_PROJECT_VERSION = 1;
				GENERATE_INFOPLIST_FILE = YES;
				INFOPLIST_FILE = getirCloneApp/Resources/Info.plist;
				INFOPLIST_KEY_UIApplicationSupportsIndirectInputEvents = YES;
				INFOPLIST_KEY_UILaunchStoryboardName = LaunchScreen;
				INFOPLIST_KEY_UIMainStoryboardFile = Main;
				INFOPLIST_KEY_UISupportedInterfaceOrientations_iPad = "UIInterfaceOrientationPortrait UIInterfaceOrientationPortraitUpsideDown UIInterfaceOrientationLandscapeLeft UIInterfaceOrientationLandscapeRight";
				INFOPLIST_KEY_UISupportedInterfaceOrientations_iPhone = "UIInterfaceOrientationPortrait UIInterfaceOrientationLandscapeLeft UIInterfaceOrientationLandscapeRight";
				LD_RUNPATH_SEARCH_PATHS = (
					"$(inherited)",
					"@executable_path/Frameworks",
				);
				MARKETING_VERSION = 1.0;
				PRODUCT_BUNDLE_IDENTIFIER = aleynaaktas.getirCloneApp;
				PRODUCT_NAME = "$(TARGET_NAME)";
				SWIFT_EMIT_LOC_STRINGS = YES;
				SWIFT_VERSION = 5.0;
				TARGETED_DEVICE_FAMILY = "1,2";
			};
			name = Release;
		};
/* End XCBuildConfiguration section */

/* Begin XCConfigurationList section */
		A67E16552A81962100031CB7 /* Build configuration list for PBXProject "getirCloneApp" */ = {
			isa = XCConfigurationList;
			buildConfigurations = (
				A67E166C2A81962300031CB7 /* Debug */,
				A67E166D2A81962300031CB7 /* Release */,
			);
			defaultConfigurationIsVisible = 0;
			defaultConfigurationName = Release;
		};
		A67E166E2A81962300031CB7 /* Build configuration list for PBXNativeTarget "getirCloneApp" */ = {
			isa = XCConfigurationList;
			buildConfigurations = (
				A67E166F2A81962300031CB7 /* Debug */,
				A67E16702A81962300031CB7 /* Release */,
			);
			defaultConfigurationIsVisible = 0;
			defaultConfigurationName = Release;
		};
/* End XCConfigurationList section */
	};
	rootObject = A67E16522A81962100031CB7 /* Project object */;
}
